
Microsoft Visual Studio Solution File, Format Version 12.00
# Visual Studio Version 17
VisualStudioVersion = 17.3.32901.215
MinimumVisualStudioVersion = 10.0.40219.1
Project("{FAE04EC0-301F-11D3-BF4B-00C04F79EFBC}") = "ortalama hesaplama-836", "ortalama hesaplama-836\ortalama hesaplama-836.csproj", "{0B475254-BEDF-462F-838C-F7B00D84410D}"
EndProject
Global
	GlobalSection(SolutionConfigurationPlatforms) = preSolution
		Debug|Any CPU = Debug|Any CPU
		Release|Any CPU = Release|Any CPU
	EndGlobalSection
	GlobalSection(ProjectConfigurationPlatforms) = postSolution
		{0B475254-BEDF-462F-838C-F7B00D84410D}.Debug|Any CPU.ActiveCfg = Debug|Any CPU
		{0B475254-BEDF-462F-838C-F7B00D84410D}.Debug|Any CPU.Build.0 = Debug|Any CPU
		{0B475254-BEDF-462F-838C-F7B00D84410D}.Release|Any CPU.ActiveCfg = Release|Any CPU
		{0B475254-BEDF-462F-838C-F7B00D84410D}.Release|Any CPU.Build.0 = Release|Any CPU
	EndGlobalSection
	GlobalSection(SolutionProperties) = preSolution
		HideSolutionNode = FALSE
	EndGlobalSection
	GlobalSection(ExtensibilityGlobals) = postSolution
		SolutionGuid = {BD122EEC-27C2-4B84-BA2F-D94AF473B1C4}
	EndGlobalSection
EndGlobal
